// !$*UTF8*$!
{
	archiveVersion = 1;
	classes = {
	};
	objectVersion = 50;
	objects = {

/* Begin PBXBuildFile section */
		156BFE19248D49E3004DF28E /* AppDelegate.swift in Sources */ = {isa = PBXBuildFile; fileRef = 156BFE18248D49E3004DF28E /* AppDelegate.swift */; };
		156BFE1B248D49E3004DF28E /* SceneDelegate.swift in Sources */ = {isa = PBXBuildFile; fileRef = 156BFE1A248D49E3004DF28E /* SceneDelegate.swift */; };
		156BFE1D248D49E3004DF28E /* ViewController.swift in Sources */ = {isa = PBXBuildFile; fileRef = 156BFE1C248D49E3004DF28E /* ViewController.swift */; };
		156BFE20248D49E3004DF28E /* Main.storyboard in Resources */ = {isa = PBXBuildFile; fileRef = 156BFE1E248D49E3004DF28E /* Main.storyboard */; };
		156BFE22248D49E5004DF28E /* Assets.xcassets in Resources */ = {isa = PBXBuildFile; fileRef = 156BFE21248D49E5004DF28E /* Assets.xcassets */; };
		156BFE25248D49E5004DF28E /* LaunchScreen.storyboard in Resources */ = {isa = PBXBuildFile; fileRef = 156BFE23248D49E5004DF28E /* LaunchScreen.storyboard */; };
/* End PBXBuildFile section */

/* Begin PBXFileReference section */
		156BFE15248D49E3004DF28E /* MarvelViper.app */ = {isa = PBXFileReference; explicitFileType = wrapper.application; includeInIndex = 0; path = MarvelViper.app; sourceTree = BUILT_PRODUCTS_DIR; };
		156BFE18248D49E3004DF28E /* AppDelegate.swift */ = {isa = PBXFileReference; lastKnownFileType = sourcecode.swift; path = AppDelegate.swift; sourceTree = "<group>"; };
		156BFE1A248D49E3004DF28E /* SceneDelegate.swift */ = {isa = PBXFileReference; lastKnownFileType = sourcecode.swift; path = SceneDelegate.swift; sourceTree = "<group>"; };
		156BFE1C248D49E3004DF28E /* ViewController.swift */ = {isa = PBXFileReference; lastKnownFileType = sourcecode.swift; path = ViewController.swift; sourceTree = "<group>"; };
		156BFE1F248D49E3004DF28E /* Base */ = {isa = PBXFileReference; lastKnownFileType = file.storyboard; name = Base; path = Base.lproj/Main.storyboard; sourceTree = "<group>"; };
		156BFE21248D49E5004DF28E /* Assets.xcassets */ = {isa = PBXFileReference; lastKnownFileType = folder.assetcatalog; path = Assets.xcassets; sourceTree = "<group>"; };
		156BFE24248D49E5004DF28E /* Base */ = {isa = PBXFileReference; lastKnownFileType = file.storyboard; name = Base; path = Base.lproj/LaunchScreen.storyboard; sourceTree = "<group>"; };
		156BFE26248D49E5004DF28E /* Info.plist */ = {isa = PBXFileReference; lastKnownFileType = text.plist.xml; path = Info.plist; sourceTree = "<group>"; };
/* End PBXFileReference section */

/* Begin PBXFrameworksBuildPhase section */
		156BFE12248D49E3004DF28E /* Frameworks */ = {
			isa = PBXFrameworksBuildPhase;
			buildActionMask = 2147483647;
			files = (
			);
			runOnlyForDeploymentPostprocessing = 0;
		};
/* End PBXFrameworksBuildPhase section */

/* Begin PBXGroup section */
		156BFE0C248D49E3004DF28E = {
			isa = PBXGroup;
			children = (
				156BFE17248D49E3004DF28E /* MarvelViper */,
				156BFE16248D49E3004DF28E /* Products */,
			);
			sourceTree = "<group>";
		};
		156BFE16248D49E3004DF28E /* Products */ = {
			isa = PBXGroup;
			children = (
				156BFE15248D49E3004DF28E /* MarvelViper.app */,
			);
			name = Products;
			sourceTree = "<group>";
		};
		156BFE17248D49E3004DF28E /* MarvelViper */ = {
			isa = PBXGroup;
			children = (
				156BFE18248D49E3004DF28E /* AppDelegate.swift */,
				156BFE1A248D49E3004DF28E /* SceneDelegate.swift */,
				156BFE1C248D49E3004DF28E /* ViewController.swift */,
				156BFE1E248D49E3004DF28E /* Main.storyboard */,
				156BFE21248D49E5004DF28E /* Assets.xcassets */,
				156BFE23248D49E5004DF28E /* LaunchScreen.storyboard */,
				156BFE26248D49E5004DF28E /* Info.plist */,
			);
			path = MarvelViper;
			sourceTree = "<group>";
		};
/* End PBXGroup section */

/* Begin PBXNativeTarget section */
		156BFE14248D49E3004DF28E /* MarvelViper */ = {
			isa = PBXNativeTarget;
			buildConfigurationList = 156BFE29248D49E5004DF28E /* Build configuration list for PBXNativeTarget "MarvelViper" */;
			buildPhases = (
				156BFE11248D49E3004DF28E /* Sources */,
				156BFE12248D49E3004DF28E /* Frameworks */,
				156BFE13248D49E3004DF28E /* Resources */,
			);
			buildRules = (
			);
			dependencies = (
			);
			name = MarvelViper;
			productName = MarvelViper;
			productReference = 156BFE15248D49E3004DF28E /* MarvelViper.app */;
			productType = "com.apple.product-type.application";
		};
/* End PBXNativeTarget section */

/* Begin PBXProject section */
		156BFE0D248D49E3004DF28E /* Project object */ = {
			isa = PBXProject;
			attributes = {
				LastSwiftUpdateCheck = 1150;
				LastUpgradeCheck = 1150;
				ORGANIZATIONNAME = "Bruno  Bartol";
				TargetAttributes = {
					156BFE14248D49E3004DF28E = {
						CreatedOnToolsVersion = 11.5;
					};
				};
			};
			buildConfigurationList = 156BFE10248D49E3004DF28E /* Build configuration list for PBXProject "MarvelViper" */;
			compatibilityVersion = "Xcode 9.3";
			developmentRegion = en;
			hasScannedForEncodings = 0;
			knownRegions = (
				en,
				Base,
			);
			mainGroup = 156BFE0C248D49E3004DF28E;
			productRefGroup = 156BFE16248D49E3004DF28E /* Products */;
			projectDirPath = "";
			projectRoot = "";
			targets = (
				156BFE14248D49E3004DF28E /* MarvelViper */,
			);
		};
/* End PBXProject section */

/* Begin PBXResourcesBuildPhase section */
		156BFE13248D49E3004DF28E /* Resources */ = {
			isa = PBXResourcesBuildPhase;
			buildActionMask = 2147483647;
			files = (
				156BFE25248D49E5004DF28E /* LaunchScreen.storyboard in Resources */,
				156BFE22248D49E5004DF28E /* Assets.xcassets in Resources */,
				156BFE20248D49E3004DF28E /* Main.storyboard in Resources */,
			);
			runOnlyForDeploymentPostprocessing = 0;
		};
/* End PBXResourcesBuildPhase section */

/* Begin PBXSourcesBuildPhase section */
		156BFE11248D49E3004DF28E /* Sources */ = {
			isa = PBXSourcesBuildPhase;
			buildActionMask = 2147483647;
			files = (
				156BFE1D248D49E3004DF28E /* ViewController.swift in Sources */,
				156BFE19248D49E3004DF28E /* AppDelegate.swift in Sources */,
				156BFE1B248D49E3004DF28E /* SceneDelegate.swift in Sources */,
			);
			runOnlyForDeploymentPostprocessing = 0;
		};
/* End PBXSourcesBuildPhase section */

/* Begin PBXVariantGroup section */
		156BFE1E248D49E3004DF28E /* Main.storyboard */ = {
			isa = PBXVariantGroup;
			children = (
				156BFE1F248D49E3004DF28E /* Base */,
			);
			name = Main.storyboard;
			sourceTree = "<group>";
		};
		156BFE23248D49E5004DF28E /* LaunchScreen.storyboard */ = {
			isa = PBXVariantGroup;
			children = (
				156BFE24248D49E5004DF28E /* Base */,
			);
			name = LaunchScreen.storyboard;
			sourceTree = "<group>";
		};
/* End PBXVariantGroup section */

/* Begin XCBuildConfiguration section */
		156BFE27248D49E5004DF28E /* Debug */ = {
			isa = XCBuildConfiguration;
			buildSettings = {
				ALWAYS_SEARCH_USER_PATHS = NO;
				CLANG_ANALYZER_NONNULL = YES;
				CLANG_ANALYZER_NUMBER_OBJECT_CONVERSION = YES_AGGRESSIVE;
				CLANG_CXX_LANGUAGE_STANDARD = "gnu++14";
				CLANG_CXX_LIBRARY = "libc++";
				CLANG_ENABLE_MODULES = YES;
				CLANG_ENABLE_OBJC_ARC = YES;
				CLANG_ENABLE_OBJC_WEAK = YES;
				CLANG_WARN_BLOCK_CAPTURE_AUTORELEASING = YES;
				CLANG_WARN_BOOL_CONVERSION = YES;
				CLANG_WARN_COMMA = YES;
				CLANG_WARN_CONSTANT_CONVERSION = YES;
				CLANG_WARN_DEPRECATED_OBJC_IMPLEMENTATIONS = YES;
				CLANG_WARN_DIRECT_OBJC_ISA_USAGE = YES_ERROR;
				CLANG_WARN_DOCUMENTATION_COMMENTS = YES;
				CLANG_WARN_EMPTY_BODY = YES;
				CLANG_WARN_ENUM_CONVERSION = YES;
				CLANG_WARN_INFINITE_RECURSION = YES;
				CLANG_WARN_INT_CONVERSION = YES;
				CLANG_WARN_NON_LITERAL_NULL_CONVERSION = YES;
				CLANG_WARN_OBJC_IMPLICIT_RETAIN_SELF = YES;
				CLANG_WARN_OBJC_LITERAL_CONVERSION = YES;
				CLANG_WARN_OBJC_ROOT_CLASS = YES_ERROR;
				CLANG_WARN_RANGE_LOOP_ANALYSIS = YES;
				CLANG_WARN_STRICT_PROTOTYPES = YES;
				CLANG_WARN_SUSPICIOUS_MOVE = YES;
				CLANG_WARN_UNGUARDED_AVAILABILITY = YES_AGGRESSIVE;
				CLANG_WARN_UNREACHABLE_CODE = YES;
				CLANG_WARN__DUPLICATE_METHOD_MATCH = YES;
				COPY_PHASE_STRIP = NO;
				DEBUG_INFORMATION_FORMAT = dwarf;
				ENABLE_STRICT_OBJC_MSGSEND = YES;
				ENABLE_TESTABILITY = YES;
				GCC_C_LANGUAGE_STANDARD = gnu11;
				GCC_DYNAMIC_NO_PIC = NO;
				GCC_NO_COMMON_BLOCKS = YES;
				GCC_OPTIMIZATION_LEVEL = 0;
				GCC_PREPROCESSOR_DEFINITIONS = (
					"DEBUG=1",
					"$(inherited)",
				);
				GCC_WARN_64_TO_32_BIT_CONVERSION = YES;
				GCC_WARN_ABOUT_RETURN_TYPE = YES_ERROR;
				GCC_WARN_UNDECLARED_SELECTOR = YES;
				GCC_WARN_UNINITIALIZED_AUTOS = YES_AGGRESSIVE;
				GCC_WARN_UNUSED_FUNCTION = YES;
				GCC_WARN_UNUSED_VARIABLE = YES;
				IPHONEOS_DEPLOYMENT_TARGET = 13.5;
				MTL_ENABLE_DEBUG_INFO = INCLUDE_SOURCE;
				MTL_FAST_MATH = YES;
				ONLY_ACTIVE_ARCH = YES;
				SDKROOT = iphoneos;
				SWIFT_ACTIVE_COMPILATION_CONDITIONS = DEBUG;
				SWIFT_OPTIMIZATION_LEVEL = "-Onone";
			};
			name = Debug;
		};
		156BFE28248D49E5004DF28E /* Release */ = {
			isa = XCBuildConfiguration;
			buildSettings = {
				ALWAYS_SEARCH_USER_PATHS = NO;
				CLANG_ANALYZER_NONNULL = YES;
				CLANG_ANALYZER_NUMBER_OBJECT_CONVERSION = YES_AGGRESSIVE;
				CLANG_CXX_LANGUAGE_STANDARD = "gnu++14";
				CLANG_CXX_LIBRARY = "libc++";
				CLANG_ENABLE_MODULES = YES;
				CLANG_ENABLE_OBJC_ARC = YES;
				CLANG_ENABLE_OBJC_WEAK = YES;
				CLANG_WARN_BLOCK_CAPTURE_AUTORELEASING = YES;
				CLANG_WARN_BOOL_CONVERSION = YES;
				CLANG_WARN_COMMA = YES;
				CLANG_WARN_CONSTANT_CONVERSION = YES;
				CLANG_WARN_DEPRECATED_OBJC_IMPLEMENTATIONS = YES;
				CLANG_WARN_DIRECT_OBJC_ISA_USAGE = YES_ERROR;
				CLANG_WARN_DOCUMENTATION_COMMENTS = YES;
				CLANG_WARN_EMPTY_BODY = YES;
				CLANG_WARN_ENUM_CONVERSION = YES;
				CLANG_WARN_INFINITE_RECURSION = YES;
				CLANG_WARN_INT_CONVERSION = YES;
				CLANG_WARN_NON_LITERAL_NULL_CONVERSION = YES;
				CLANG_WARN_OBJC_IMPLICIT_RETAIN_SELF = YES;
				CLANG_WARN_OBJC_LITERAL_CONVERSION = YES;
				CLANG_WARN_OBJC_ROOT_CLASS = YES_ERROR;
				CLANG_WARN_RANGE_LOOP_ANALYSIS = YES;
				CLANG_WARN_STRICT_PROTOTYPES = YES;
				CLANG_WARN_SUSPICIOUS_MOVE = YES;
				CLANG_WARN_UNGUARDED_AVAILABILITY = YES_AGGRESSIVE;
				CLANG_WARN_UNREACHABLE_CODE = YES;
				CLANG_WARN__DUPLICATE_METHOD_MATCH = YES;
				COPY_PHASE_STRIP = NO;
				DEBUG_INFORMATION_FORMAT = "dwarf-with-dsym";
				ENABLE_NS_ASSERTIONS = NO;
				ENABLE_STRICT_OBJC_MSGSEND = YES;
				GCC_C_LANGUAGE_STANDARD = gnu11;
				GCC_NO_COMMON_BLOCKS = YES;
				GCC_WARN_64_TO_32_BIT_CONVERSION = YES;
				GCC_WARN_ABOUT_RETURN_TYPE = YES_ERROR;
				GCC_WARN_UNDECLARED_SELECTOR = YES;
				GCC_WARN_UNINITIALIZED_AUTOS = YES_AGGRESSIVE;
				GCC_WARN_UNUSED_FUNCTION = YES;
				GCC_WARN_UNUSED_VARIABLE = YES;
				IPHONEOS_DEPLOYMENT_TARGET = 13.5;
				MTL_ENABLE_DEBUG_INFO = NO;
				MTL_FAST_MATH = YES;
				SDKROOT = iphoneos;
				SWIFT_COMPILATION_MODE = wholemodule;
				SWIFT_OPTIMIZATION_LEVEL = "-O";
				VALIDATE_PRODUCT = YES;
			};
			name = Release;
		};
		156BFE2A248D49E5004DF28E /* Debug */ = {
			isa = XCBuildConfiguration;
			buildSettings = {
				ASSETCATALOG_COMPILER_APPICON_NAME = AppIcon;
				CODE_SIGN_STYLE = Automatic;
				DEVELOPMENT_TEAM = JDR378SVCY;
				INFOPLIST_FILE = MarvelViper/Info.plist;
				LD_RUNPATH_SEARCH_PATHS = (
					"$(inherited)",
					"@executable_path/Frameworks",
				);
				PRODUCT_BUNDLE_IDENTIFIER = com.brunobartol.MarvelViper;
				PRODUCT_NAME = "$(TARGET_NAME)";
				SWIFT_VERSION = 5.0;
				TARGETED_DEVICE_FAMILY = "1,2";
			};
			name = Debug;
		};
		156BFE2B248D49E5004DF28E /* Release */ = {
			isa = XCBuildConfiguration;
			buildSettings = {
				ASSETCATALOG_COMPILER_APPICON_NAME = AppIcon;
				CODE_SIGN_STYLE = Automatic;
				DEVELOPMENT_TEAM = JDR378SVCY;
				INFOPLIST_FILE = MarvelViper/Info.plist;
				LD_RUNPATH_SEARCH_PATHS = (
					"$(inherited)",
					"@executable_path/Frameworks",
				);
				PRODUCT_BUNDLE_IDENTIFIER = com.brunobartol.MarvelViper;
				PRODUCT_NAME = "$(TARGET_NAME)";
				SWIFT_VERSION = 5.0;
				TARGETED_DEVICE_FAMILY = "1,2";
			};
			name = Release;
		};
/* End XCBuildConfiguration section */

/* Begin XCConfigurationList section */
		156BFE10248D49E3004DF28E /* Build configuration list for PBXProject "MarvelViper" */ = {
			isa = XCConfigurationList;
			buildConfigurations = (
				156BFE27248D49E5004DF28E /* Debug */,
				156BFE28248D49E5004DF28E /* Release */,
			);
			defaultConfigurationIsVisible = 0;
			defaultConfigurationName = Release;
		};
		156BFE29248D49E5004DF28E /* Build configuration list for PBXNativeTarget "MarvelViper" */ = {
			isa = XCConfigurationList;
			buildConfigurations = (
				156BFE2A248D49E5004DF28E /* Debug */,
				156BFE2B248D49E5004DF28E /* Release */,
			);
			defaultConfigurationIsVisible = 0;
			defaultConfigurationName = Release;
		};
/* End XCConfigurationList section */
	};
	rootObject = 156BFE0D248D49E3004DF28E /* Project object */;
}
